
Microsoft Visual Studio Solution File, Format Version 12.00
# Visual Studio Version 17
VisualStudioVersion = 17.5.002.0
MinimumVisualStudioVersion = 10.0.40219.1
Project("{2150E333-8FDC-42A3-9474-1A3956D46DE8}") = "csharp-prep", "csharp-prep", "{45024363-DCFB-4C01-883D-5DEBCAE1C25D}"
EndProject
Project("{9A19103F-16F7-4668-BE54-9A1E7A4F7556}") = "Prep1", "csharp-prep\Prep1\Prep1.csproj", "{13551DC1-9066-4231-AA48-B14F5D3DE72A}"
EndProject
Project("{9A19103F-16F7-4668-BE54-9A1E7A4F7556}") = "Prep2", "csharp-prep\Prep2\Prep2.csproj", "{8376BF7C-1B6B-48D3-BC21-B62096598780}"
EndProject
Project("{9A19103F-16F7-4668-BE54-9A1E7A4F7556}") = "Prep3", "csharp-prep\Prep3\Prep3.csproj", "{9A656EC9-C59E-4380-8A6B-AB0C2340DF3D}"
EndProject
Project("{9A19103F-16F7-4668-BE54-9A1E7A4F7556}") = "Prep4", "csharp-prep\Prep4\Prep4.csproj", "{D8FA0B97-5762-48F4-AA8F-8A844113B6BD}"
EndProject
Project("{9A19103F-16F7-4668-BE54-9A1E7A4F7556}") = "Prep5", "csharp-prep\Prep5\Prep5.csproj", "{319CBCB5-EB10-452C-AF12-8F915769CD25}"
EndProject
Project("{2150E333-8FDC-42A3-9474-1A3956D46DE8}") = "final", "final", "{FD2F66CB-BBD1-4436-9547-7761C639800D}"
EndProject
Project("{9A19103F-16F7-4668-BE54-9A1E7A4F7556}") = "FinalProject", "final\FinalProject\FinalProject.csproj", "{1AB180A0-B6EF-4FB9-B7F1-43B57EC63557}"
EndProject
Project("{9A19103F-16F7-4668-BE54-9A1E7A4F7556}") = "Foundation1", "final\Foundation1\Foundation1.csproj", "{CEF4BDB1-5E4A-4F14-AC53-238F0C939C1D}"
EndProject
Project("{9A19103F-16F7-4668-BE54-9A1E7A4F7556}") = "Foundation2", "final\Foundation2\Foundation2.csproj", "{4456E077-E789-4EC8-BE79-B2F71BB14551}"
EndProject
Project("{9A19103F-16F7-4668-BE54-9A1E7A4F7556}") = "Foundation3", "final\Foundation3\Foundation3.csproj", "{B068E402-9528-47D2-8476-3344EC298AAD}"
EndProject
Project("{9A19103F-16F7-4668-BE54-9A1E7A4F7556}") = "Foundation4", "final\Foundation4\Foundation4.csproj", "{BC860D90-B82F-4220-892B-56759C11F49C}"
EndProject
Project("{2150E333-8FDC-42A3-9474-1A3956D46DE8}") = "prepare", "prepare", "{ABB9D949-B42A-419D-8AEF-6035C77C6733}"
EndProject
Project("{9A19103F-16F7-4668-BE54-9A1E7A4F7556}") = "Learning02", "prepare\Learning02\Learning02.csproj", "{14210C41-6AC8-414E-8343-D10299BFE353}"
EndProject
Project("{9A19103F-16F7-4668-BE54-9A1E7A4F7556}") = "Learning03", "prepare\Learning03\Learning03.csproj", "{0FC87AFF-98EE-4ED4-AFDD-BE1758DB436C}"
EndProject
Project("{9A19103F-16F7-4668-BE54-9A1E7A4F7556}") = "Learning04", "prepare\Learning04\Learning04.csproj", "{70F994C6-A42C-43EE-923B-92D633BAA51E}"
EndProject
Project("{9A19103F-16F7-4668-BE54-9A1E7A4F7556}") = "Learning05", "prepare\Learning05\Learning05.csproj", "{319684A3-07B5-468B-BFF3-025DB1331EA5}"
EndProject
Project("{2150E333-8FDC-42A3-9474-1A3956D46DE8}") = "prove", "prove", "{1D834896-92F9-4B0E-9613-17849E8FBCC6}"
EndProject
Project("{9A19103F-16F7-4668-BE54-9A1E7A4F7556}") = "Develop02", "prove\Develop02\Develop02.csproj", "{6D333098-477E-4EAC-9C44-693393D11B9C}"
EndProject
Project("{9A19103F-16F7-4668-BE54-9A1E7A4F7556}") = "Develop03", "prove\Develop03\Develop03.csproj", "{EE8B753A-B02F-420D-A319-817AECDF1DCF}"
EndProject
Project("{9A19103F-16F7-4668-BE54-9A1E7A4F7556}") = "Develop04", "prove\Develop04\Develop04.csproj", "{2F031991-EED9-4F39-B2A2-5FC4E5193018}"
EndProject
Project("{9A19103F-16F7-4668-BE54-9A1E7A4F7556}") = "Develop05", "prove\Develop05\Develop05.csproj", "{495E5A61-A0DA-4014-A180-D41C93167AE6}"
EndProject
Project("{2150E333-8FDC-42A3-9474-1A3956D46DE8}") = "sandbox", "sandbox", "{F972D31C-3BED-4ECC-A6DE-955171DB0B41}"
EndProject
Project("{9A19103F-16F7-4668-BE54-9A1E7A4F7556}") = "Sandbox", "sandbox\Sandbox\Sandbox.csproj", "{9272DDDD-11C8-4BFD-AE69-B48B3C8BF325}"
EndProject
Global
	GlobalSection(SolutionConfigurationPlatforms) = preSolution
		Debug|Any CPU = Debug|Any CPU
		Release|Any CPU = Release|Any CPU
	EndGlobalSection
	GlobalSection(ProjectConfigurationPlatforms) = postSolution
		{13551DC1-9066-4231-AA48-B14F5D3DE72A}.Debug|Any CPU.ActiveCfg = Debug|Any CPU
		{13551DC1-9066-4231-AA48-B14F5D3DE72A}.Debug|Any CPU.Build.0 = Debug|Any CPU
		{13551DC1-9066-4231-AA48-B14F5D3DE72A}.Release|Any CPU.ActiveCfg = Release|Any CPU
		{13551DC1-9066-4231-AA48-B14F5D3DE72A}.Release|Any CPU.Build.0 = Release|Any CPU
		{8376BF7C-1B6B-48D3-BC21-B62096598780}.Debug|Any CPU.ActiveCfg = Debug|Any CPU
		{8376BF7C-1B6B-48D3-BC21-B62096598780}.Debug|Any CPU.Build.0 = Debug|Any CPU
		{8376BF7C-1B6B-48D3-BC21-B62096598780}.Release|Any CPU.ActiveCfg = Release|Any CPU
		{8376BF7C-1B6B-48D3-BC21-B62096598780}.Release|Any CPU.Build.0 = Release|Any CPU
		{9A656EC9-C59E-4380-8A6B-AB0C2340DF3D}.Debug|Any CPU.ActiveCfg = Debug|Any CPU
		{9A656EC9-C59E-4380-8A6B-AB0C2340DF3D}.Debug|Any CPU.Build.0 = Debug|Any CPU
		{9A656EC9-C59E-4380-8A6B-AB0C2340DF3D}.Release|Any CPU.ActiveCfg = Release|Any CPU
		{9A656EC9-C59E-4380-8A6B-AB0C2340DF3D}.Release|Any CPU.Build.0 = Release|Any CPU
		{D8FA0B97-5762-48F4-AA8F-8A844113B6BD}.Debug|Any CPU.ActiveCfg = Debug|Any CPU
		{D8FA0B97-5762-48F4-AA8F-8A844113B6BD}.Debug|Any CPU.Build.0 = Debug|Any CPU
		{D8FA0B97-5762-48F4-AA8F-8A844113B6BD}.Release|Any CPU.ActiveCfg = Release|Any CPU
		{D8FA0B97-5762-48F4-AA8F-8A844113B6BD}.Release|Any CPU.Build.0 = Release|Any CPU
		{319CBCB5-EB10-452C-AF12-8F915769CD25}.Debug|Any CPU.ActiveCfg = Debug|Any CPU
		{319CBCB5-EB10-452C-AF12-8F915769CD25}.Debug|Any CPU.Build.0 = Debug|Any CPU
		{319CBCB5-EB10-452C-AF12-8F915769CD25}.Release|Any CPU.ActiveCfg = Release|Any CPU
		{319CBCB5-EB10-452C-AF12-8F915769CD25}.Release|Any CPU.Build.0 = Release|Any CPU
		{1AB180A0-B6EF-4FB9-B7F1-43B57EC63557}.Debug|Any CPU.ActiveCfg = Debug|Any CPU
		{1AB180A0-B6EF-4FB9-B7F1-43B57EC63557}.Debug|Any CPU.Build.0 = Debug|Any CPU
		{1AB180A0-B6EF-4FB9-B7F1-43B57EC63557}.Release|Any CPU.ActiveCfg = Release|Any CPU
		{1AB180A0-B6EF-4FB9-B7F1-43B57EC63557}.Release|Any CPU.Build.0 = Release|Any CPU
		{CEF4BDB1-5E4A-4F14-AC53-238F0C939C1D}.Debug|Any CPU.ActiveCfg = Debug|Any CPU
		{CEF4BDB1-5E4A-4F14-AC53-238F0C939C1D}.Debug|Any CPU.Build.0 = Debug|Any CPU
		{CEF4BDB1-5E4A-4F14-AC53-238F0C939C1D}.Release|Any CPU.ActiveCfg = Release|Any CPU
		{CEF4BDB1-5E4A-4F14-AC53-238F0C939C1D}.Release|Any CPU.Build.0 = Release|Any CPU
		{4456E077-E789-4EC8-BE79-B2F71BB14551}.Debug|Any CPU.ActiveCfg = Debug|Any CPU
		{4456E077-E789-4EC8-BE79-B2F71BB14551}.Debug|Any CPU.Build.0 = Debug|Any CPU
		{4456E077-E789-4EC8-BE79-B2F71BB14551}.Release|Any CPU.ActiveCfg = Release|Any CPU
		{4456E077-E789-4EC8-BE79-B2F71BB14551}.Release|Any CPU.Build.0 = Release|Any CPU
		{B068E402-9528-47D2-8476-3344EC298AAD}.Debug|Any CPU.ActiveCfg = Debug|Any CPU
		{B068E402-9528-47D2-8476-3344EC298AAD}.Debug|Any CPU.Build.0 = Debug|Any CPU
		{B068E402-9528-47D2-8476-3344EC298AAD}.Release|Any CPU.ActiveCfg = Release|Any CPU
		{B068E402-9528-47D2-8476-3344EC298AAD}.Release|Any CPU.Build.0 = Release|Any CPU
		{BC860D90-B82F-4220-892B-56759C11F49C}.Debug|Any CPU.ActiveCfg = Debug|Any CPU
		{BC860D90-B82F-4220-892B-56759C11F49C}.Debug|Any CPU.Build.0 = Debug|Any CPU
		{BC860D90-B82F-4220-892B-56759C11F49C}.Release|Any CPU.ActiveCfg = Release|Any CPU
		{BC860D90-B82F-4220-892B-56759C11F49C}.Release|Any CPU.Build.0 = Release|Any CPU
		{14210C41-6AC8-414E-8343-D10299BFE353}.Debug|Any CPU.ActiveCfg = Debug|Any CPU
		{14210C41-6AC8-414E-8343-D10299BFE353}.Debug|Any CPU.Build.0 = Debug|Any CPU
		{14210C41-6AC8-414E-8343-D10299BFE353}.Release|Any CPU.ActiveCfg = Release|Any CPU
		{14210C41-6AC8-414E-8343-D10299BFE353}.Release|Any CPU.Build.0 = Release|Any CPU
		{0FC87AFF-98EE-4ED4-AFDD-BE1758DB436C}.Debug|Any CPU.ActiveCfg = Debug|Any CPU
		{0FC87AFF-98EE-4ED4-AFDD-BE1758DB436C}.Debug|Any CPU.Build.0 = Debug|Any CPU
		{0FC87AFF-98EE-4ED4-AFDD-BE1758DB436C}.Release|Any CPU.ActiveCfg = Release|Any CPU
		{0FC87AFF-98EE-4ED4-AFDD-BE1758DB436C}.Release|Any CPU.Build.0 = Release|Any CPU
		{70F994C6-A42C-43EE-923B-92D633BAA51E}.Debug|Any CPU.ActiveCfg = Debug|Any CPU
		{70F994C6-A42C-43EE-923B-92D633BAA51E}.Debug|Any CPU.Build.0 = Debug|Any CPU
		{70F994C6-A42C-43EE-923B-92D633BAA51E}.Release|Any CPU.ActiveCfg = Release|Any CPU
		{70F994C6-A42C-43EE-923B-92D633BAA51E}.Release|Any CPU.Build.0 = Release|Any CPU
		{319684A3-07B5-468B-BFF3-025DB1331EA5}.Debug|Any CPU.ActiveCfg = Debug|Any CPU
		{319684A3-07B5-468B-BFF3-025DB1331EA5}.Debug|Any CPU.Build.0 = Debug|Any CPU
		{319684A3-07B5-468B-BFF3-025DB1331EA5}.Release|Any CPU.ActiveCfg = Release|Any CPU
		{319684A3-07B5-468B-BFF3-025DB1331EA5}.Release|Any CPU.Build.0 = Release|Any CPU
		{6D333098-477E-4EAC-9C44-693393D11B9C}.Debug|Any CPU.ActiveCfg = Debug|Any CPU
		{6D333098-477E-4EAC-9C44-693393D11B9C}.Debug|Any CPU.Build.0 = Debug|Any CPU
		{6D333098-477E-4EAC-9C44-693393D11B9C}.Release|Any CPU.ActiveCfg = Release|Any CPU
		{6D333098-477E-4EAC-9C44-693393D11B9C}.Release|Any CPU.Build.0 = Release|Any CPU
		{EE8B753A-B02F-420D-A319-817AECDF1DCF}.Debug|Any CPU.ActiveCfg = Debug|Any CPU
		{EE8B753A-B02F-420D-A319-817AECDF1DCF}.Debug|Any CPU.Build.0 = Debug|Any CPU
		{EE8B753A-B02F-420D-A319-817AECDF1DCF}.Release|Any CPU.ActiveCfg = Release|Any CPU
		{EE8B753A-B02F-420D-A319-817AECDF1DCF}.Release|Any CPU.Build.0 = Release|Any CPU
		{2F031991-EED9-4F39-B2A2-5FC4E5193018}.Debug|Any CPU.ActiveCfg = Debug|Any CPU
		{2F031991-EED9-4F39-B2A2-5FC4E5193018}.Debug|Any CPU.Build.0 = Debug|Any CPU
		{2F031991-EED9-4F39-B2A2-5FC4E5193018}.Release|Any CPU.ActiveCfg = Release|Any CPU
		{2F031991-EED9-4F39-B2A2-5FC4E5193018}.Release|Any CPU.Build.0 = Release|Any CPU
		{495E5A61-A0DA-4014-A180-D41C93167AE6}.Debug|Any CPU.ActiveCfg = Debug|Any CPU
		{495E5A61-A0DA-4014-A180-D41C93167AE6}.Debug|Any CPU.Build.0 = Debug|Any CPU
		{495E5A61-A0DA-4014-A180-D41C93167AE6}.Release|Any CPU.ActiveCfg = Release|Any CPU
		{495E5A61-A0DA-4014-A180-D41C93167AE6}.Release|Any CPU.Build.0 = Release|Any CPU
		{9272DDDD-11C8-4BFD-AE69-B48B3C8BF325}.Debug|Any CPU.ActiveCfg = Debug|Any CPU
		{9272DDDD-11C8-4BFD-AE69-B48B3C8BF325}.Debug|Any CPU.Build.0 = Debug|Any CPU
		{9272DDDD-11C8-4BFD-AE69-B48B3C8BF325}.Release|Any CPU.ActiveCfg = Release|Any CPU
		{9272DDDD-11C8-4BFD-AE69-B48B3C8BF325}.Release|Any CPU.Build.0 = Release|Any CPU
	EndGlobalSection
	GlobalSection(SolutionProperties) = preSolution
		HideSolutionNode = FALSE
	EndGlobalSection
	GlobalSection(NestedProjects) = preSolution
		{13551DC1-9066-4231-AA48-B14F5D3DE72A} = {45024363-DCFB-4C01-883D-5DEBCAE1C25D}
		{8376BF7C-1B6B-48D3-BC21-B62096598780} = {45024363-DCFB-4C01-883D-5DEBCAE1C25D}
		{9A656EC9-C59E-4380-8A6B-AB0C2340DF3D} = {45024363-DCFB-4C01-883D-5DEBCAE1C25D}
		{D8FA0B97-5762-48F4-AA8F-8A844113B6BD} = {45024363-DCFB-4C01-883D-5DEBCAE1C25D}
		{319CBCB5-EB10-452C-AF12-8F915769CD25} = {45024363-DCFB-4C01-883D-5DEBCAE1C25D}
		{1AB180A0-B6EF-4FB9-B7F1-43B57EC63557} = {FD2F66CB-BBD1-4436-9547-7761C639800D}
		{CEF4BDB1-5E4A-4F14-AC53-238F0C939C1D} = {FD2F66CB-BBD1-4436-9547-7761C639800D}
		{4456E077-E789-4EC8-BE79-B2F71BB14551} = {FD2F66CB-BBD1-4436-9547-7761C639800D}
		{B068E402-9528-47D2-8476-3344EC298AAD} = {FD2F66CB-BBD1-4436-9547-7761C639800D}
		{BC860D90-B82F-4220-892B-56759C11F49C} = {FD2F66CB-BBD1-4436-9547-7761C639800D}
		{14210C41-6AC8-414E-8343-D10299BFE353} = {ABB9D949-B42A-419D-8AEF-6035C77C6733}
		{0FC87AFF-98EE-4ED4-AFDD-BE1758DB436C} = {ABB9D949-B42A-419D-8AEF-6035C77C6733}
		{70F994C6-A42C-43EE-923B-92D633BAA51E} = {ABB9D949-B42A-419D-8AEF-6035C77C6733}
		{319684A3-07B5-468B-BFF3-025DB1331EA5} = {ABB9D949-B42A-419D-8AEF-6035C77C6733}
		{6D333098-477E-4EAC-9C44-693393D11B9C} = {1D834896-92F9-4B0E-9613-17849E8FBCC6}
		{EE8B753A-B02F-420D-A319-817AECDF1DCF} = {1D834896-92F9-4B0E-9613-17849E8FBCC6}
		{2F031991-EED9-4F39-B2A2-5FC4E5193018} = {1D834896-92F9-4B0E-9613-17849E8FBCC6}
		{495E5A61-A0DA-4014-A180-D41C93167AE6} = {1D834896-92F9-4B0E-9613-17849E8FBCC6}
		{9272DDDD-11C8-4BFD-AE69-B48B3C8BF325} = {F972D31C-3BED-4ECC-A6DE-955171DB0B41}
	EndGlobalSection
	GlobalSection(ExtensibilityGlobals) = postSolution
		SolutionGuid = {2E974447-95A0-419E-9A63-D163743F36D2}
	EndGlobalSection
EndGlobal
